
Microsoft Visual Studio Solution File, Format Version 12.00
# Visual Studio 15
VisualStudioVersion = 15.0.27004.2009
MinimumVisualStudioVersion = 10.0.40219.1
Project("{9092AA53-FB77-4645-B42D-1CCCA6BD08BD}") = "JetBlueExampleTest", "JetBlueExampleTest\JetBlueExampleTest.njsproj", "{30410E7A-693E-4A84-BF7D-FCA5957C8462}"
EndProject
Global
	GlobalSection(SolutionConfigurationPlatforms) = preSolution
		Debug|Any CPU = Debug|Any CPU
		Release|Any CPU = Release|Any CPU
	EndGlobalSection
	GlobalSection(ProjectConfigurationPlatforms) = postSolution
		{30410E7A-693E-4A84-BF7D-FCA5957C8462}.Debug|Any CPU.ActiveCfg = Debug|Any CPU
		{30410E7A-693E-4A84-BF7D-FCA5957C8462}.Debug|Any CPU.Build.0 = Debug|Any CPU
		{30410E7A-693E-4A84-BF7D-FCA5957C8462}.Release|Any CPU.ActiveCfg = Release|Any CPU
		{30410E7A-693E-4A84-BF7D-FCA5957C8462}.Release|Any CPU.Build.0 = Release|Any CPU
	EndGlobalSection
	GlobalSection(SolutionProperties) = preSolution
		HideSolutionNode = FALSE
	EndGlobalSection
	GlobalSection(ExtensibilityGlobals) = postSolution
		SolutionGuid = {39C6D466-BE33-4777-8A71-843571D13EDA}
	EndGlobalSection
EndGlobal
